
Microsoft Visual Studio Solution File, Format Version 12.00
# Visual Studio Version 17
Project("{8BC9CEB8-8B4A-11D0-8D11-00A0C91BC942}") = "ALL_BUILD", "ALL_BUILD.vcxproj", "{C3E6049E-D1CE-34CB-A80F-B4DB47670394}"
	ProjectSection(ProjectDependencies) = postProject
		{35C20013-3680-3A27-A5D7-8D91897EF1F3} = {35C20013-3680-3A27-A5D7-8D91897EF1F3}
		{805E3A7C-0650-3695-8EED-1B62DBFAB30A} = {805E3A7C-0650-3695-8EED-1B62DBFAB30A}
		{E18681B4-0123-3F9C-BB31-49884D8D1BD5} = {E18681B4-0123-3F9C-BB31-49884D8D1BD5}
		{5B8E6442-A212-349B-9E83-73FC542106D1} = {5B8E6442-A212-349B-9E83-73FC542106D1}
	EndProjectSection
EndProject
Project("{8BC9CEB8-8B4A-11D0-8D11-00A0C91BC942}") = "Continuous", "Continuous.vcxproj", "{22427008-A50D-30E8-95AD-744B2C788C25}"
	ProjectSection(ProjectDependencies) = postProject
		{5B8E6442-A212-349B-9E83-73FC542106D1} = {5B8E6442-A212-349B-9E83-73FC542106D1}
	EndProjectSection
EndProject
Project("{8BC9CEB8-8B4A-11D0-8D11-00A0C91BC942}") = "Experimental", "Experimental.vcxproj", "{C0DD754D-8839-3C3C-8296-586A2EAC304D}"
	ProjectSection(ProjectDependencies) = postProject
		{5B8E6442-A212-349B-9E83-73FC542106D1} = {5B8E6442-A212-349B-9E83-73FC542106D1}
	EndProjectSection
EndProject
Project("{8BC9CEB8-8B4A-11D0-8D11-00A0C91BC942}") = "INSTALL", "INSTALL.vcxproj", "{534A72F6-857F-336A-BF47-AF83C7429DFF}"
	ProjectSection(ProjectDependencies) = postProject
		{C3E6049E-D1CE-34CB-A80F-B4DB47670394} = {C3E6049E-D1CE-34CB-A80F-B4DB47670394}
		{5B8E6442-A212-349B-9E83-73FC542106D1} = {5B8E6442-A212-349B-9E83-73FC542106D1}
	EndProjectSection
EndProject
Project("{8BC9CEB8-8B4A-11D0-8D11-00A0C91BC942}") = "MakeTable", "MathFunctions\MakeTable.vcxproj", "{35C20013-3680-3A27-A5D7-8D91897EF1F3}"
	ProjectSection(ProjectDependencies) = postProject
		{5B8E6442-A212-349B-9E83-73FC542106D1} = {5B8E6442-A212-349B-9E83-73FC542106D1}
	EndProjectSection
EndProject
Project("{8BC9CEB8-8B4A-11D0-8D11-00A0C91BC942}") = "MathFunctions", "MathFunctions\MathFunctions.vcxproj", "{805E3A7C-0650-3695-8EED-1B62DBFAB30A}"
	ProjectSection(ProjectDependencies) = postProject
		{35C20013-3680-3A27-A5D7-8D91897EF1F3} = {35C20013-3680-3A27-A5D7-8D91897EF1F3}
		{5B8E6442-A212-349B-9E83-73FC542106D1} = {5B8E6442-A212-349B-9E83-73FC542106D1}
	EndProjectSection
EndProject
Project("{8BC9CEB8-8B4A-11D0-8D11-00A0C91BC942}") = "Nightly", "Nightly.vcxproj", "{84F07EF8-84E9-367C-8E3F-A040E402C564}"
	ProjectSection(ProjectDependencies) = postProject
		{5B8E6442-A212-349B-9E83-73FC542106D1} = {5B8E6442-A212-349B-9E83-73FC542106D1}
	EndProjectSection
EndProject
Project("{8BC9CEB8-8B4A-11D0-8D11-00A0C91BC942}") = "NightlyMemoryCheck", "NightlyMemoryCheck.vcxproj", "{31A4624D-238E-31C1-93DD-6B94F6650CEB}"
	ProjectSection(ProjectDependencies) = postProject
		{5B8E6442-A212-349B-9E83-73FC542106D1} = {5B8E6442-A212-349B-9E83-73FC542106D1}
	EndProjectSection
EndProject
Project("{8BC9CEB8-8B4A-11D0-8D11-00A0C91BC942}") = "PACKAGE", "PACKAGE.vcxproj", "{8DD24700-C22A-3E63-BC44-807F2BA27D35}"
	ProjectSection(ProjectDependencies) = postProject
		{C3E6049E-D1CE-34CB-A80F-B4DB47670394} = {C3E6049E-D1CE-34CB-A80F-B4DB47670394}
		{5B8E6442-A212-349B-9E83-73FC542106D1} = {5B8E6442-A212-349B-9E83-73FC542106D1}
	EndProjectSection
EndProject
Project("{8BC9CEB8-8B4A-11D0-8D11-00A0C91BC942}") = "RUN_TESTS", "RUN_TESTS.vcxproj", "{1744B8A7-7085-3087-9067-2EA91F4AA2F9}"
	ProjectSection(ProjectDependencies) = postProject
		{5B8E6442-A212-349B-9E83-73FC542106D1} = {5B8E6442-A212-349B-9E83-73FC542106D1}
	EndProjectSection
EndProject
Project("{8BC9CEB8-8B4A-11D0-8D11-00A0C91BC942}") = "Tutorial", "Tutorial.vcxproj", "{E18681B4-0123-3F9C-BB31-49884D8D1BD5}"
	ProjectSection(ProjectDependencies) = postProject
		{805E3A7C-0650-3695-8EED-1B62DBFAB30A} = {805E3A7C-0650-3695-8EED-1B62DBFAB30A}
		{5B8E6442-A212-349B-9E83-73FC542106D1} = {5B8E6442-A212-349B-9E83-73FC542106D1}
	EndProjectSection
EndProject
Project("{8BC9CEB8-8B4A-11D0-8D11-00A0C91BC942}") = "ZERO_CHECK", "ZERO_CHECK.vcxproj", "{5B8E6442-A212-349B-9E83-73FC542106D1}"
	ProjectSection(ProjectDependencies) = postProject
	EndProjectSection
EndProject
Global
	GlobalSection(SolutionConfigurationPlatforms) = preSolution
		Debug|x64 = Debug|x64
		Release|x64 = Release|x64
		MinSizeRel|x64 = MinSizeRel|x64
		RelWithDebInfo|x64 = RelWithDebInfo|x64
	EndGlobalSection
	GlobalSection(ProjectConfigurationPlatforms) = postSolution
		{C3E6049E-D1CE-34CB-A80F-B4DB47670394}.Debug|x64.ActiveCfg = Debug|x64
		{C3E6049E-D1CE-34CB-A80F-B4DB47670394}.Debug|x64.Build.0 = Debug|x64
		{C3E6049E-D1CE-34CB-A80F-B4DB47670394}.Release|x64.ActiveCfg = Release|x64
		{C3E6049E-D1CE-34CB-A80F-B4DB47670394}.Release|x64.Build.0 = Release|x64
		{C3E6049E-D1CE-34CB-A80F-B4DB47670394}.MinSizeRel|x64.ActiveCfg = MinSizeRel|x64
		{C3E6049E-D1CE-34CB-A80F-B4DB47670394}.MinSizeRel|x64.Build.0 = MinSizeRel|x64
		{C3E6049E-D1CE-34CB-A80F-B4DB47670394}.RelWithDebInfo|x64.ActiveCfg = RelWithDebInfo|x64
		{C3E6049E-D1CE-34CB-A80F-B4DB47670394}.RelWithDebInfo|x64.Build.0 = RelWithDebInfo|x64
		{22427008-A50D-30E8-95AD-744B2C788C25}.Debug|x64.ActiveCfg = Debug|x64
		{22427008-A50D-30E8-95AD-744B2C788C25}.Release|x64.ActiveCfg = Release|x64
		{22427008-A50D-30E8-95AD-744B2C788C25}.MinSizeRel|x64.ActiveCfg = MinSizeRel|x64
		{22427008-A50D-30E8-95AD-744B2C788C25}.RelWithDebInfo|x64.ActiveCfg = RelWithDebInfo|x64
		{C0DD754D-8839-3C3C-8296-586A2EAC304D}.Debug|x64.ActiveCfg = Debug|x64
		{C0DD754D-8839-3C3C-8296-586A2EAC304D}.Release|x64.ActiveCfg = Release|x64
		{C0DD754D-8839-3C3C-8296-586A2EAC304D}.MinSizeRel|x64.ActiveCfg = MinSizeRel|x64
		{C0DD754D-8839-3C3C-8296-586A2EAC304D}.RelWithDebInfo|x64.ActiveCfg = RelWithDebInfo|x64
		{534A72F6-857F-336A-BF47-AF83C7429DFF}.Debug|x64.ActiveCfg = Debug|x64
		{534A72F6-857F-336A-BF47-AF83C7429DFF}.Release|x64.ActiveCfg = Release|x64
		{534A72F6-857F-336A-BF47-AF83C7429DFF}.MinSizeRel|x64.ActiveCfg = MinSizeRel|x64
		{534A72F6-857F-336A-BF47-AF83C7429DFF}.RelWithDebInfo|x64.ActiveCfg = RelWithDebInfo|x64
		{35C20013-3680-3A27-A5D7-8D91897EF1F3}.Debug|x64.ActiveCfg = Debug|x64
		{35C20013-3680-3A27-A5D7-8D91897EF1F3}.Debug|x64.Build.0 = Debug|x64
		{35C20013-3680-3A27-A5D7-8D91897EF1F3}.Release|x64.ActiveCfg = Release|x64
		{35C20013-3680-3A27-A5D7-8D91897EF1F3}.Release|x64.Build.0 = Release|x64
		{35C20013-3680-3A27-A5D7-8D91897EF1F3}.MinSizeRel|x64.ActiveCfg = MinSizeRel|x64
		{35C20013-3680-3A27-A5D7-8D91897EF1F3}.MinSizeRel|x64.Build.0 = MinSizeRel|x64
		{35C20013-3680-3A27-A5D7-8D91897EF1F3}.RelWithDebInfo|x64.ActiveCfg = RelWithDebInfo|x64
		{35C20013-3680-3A27-A5D7-8D91897EF1F3}.RelWithDebInfo|x64.Build.0 = RelWithDebInfo|x64
		{805E3A7C-0650-3695-8EED-1B62DBFAB30A}.Debug|x64.ActiveCfg = Debug|x64
		{805E3A7C-0650-3695-8EED-1B62DBFAB30A}.Debug|x64.Build.0 = Debug|x64
		{805E3A7C-0650-3695-8EED-1B62DBFAB30A}.Release|x64.ActiveCfg = Release|x64
		{805E3A7C-0650-3695-8EED-1B62DBFAB30A}.Release|x64.Build.0 = Release|x64
		{805E3A7C-0650-3695-8EED-1B62DBFAB30A}.MinSizeRel|x64.ActiveCfg = MinSizeRel|x64
		{805E3A7C-0650-3695-8EED-1B62DBFAB30A}.MinSizeRel|x64.Build.0 = MinSizeRel|x64
		{805E3A7C-0650-3695-8EED-1B62DBFAB30A}.RelWithDebInfo|x64.ActiveCfg = RelWithDebInfo|x64
		{805E3A7C-0650-3695-8EED-1B62DBFAB30A}.RelWithDebInfo|x64.Build.0 = RelWithDebInfo|x64
		{84F07EF8-84E9-367C-8E3F-A040E402C564}.Debug|x64.ActiveCfg = Debug|x64
		{84F07EF8-84E9-367C-8E3F-A040E402C564}.Release|x64.ActiveCfg = Release|x64
		{84F07EF8-84E9-367C-8E3F-A040E402C564}.MinSizeRel|x64.ActiveCfg = MinSizeRel|x64
		{84F07EF8-84E9-367C-8E3F-A040E402C564}.RelWithDebInfo|x64.ActiveCfg = RelWithDebInfo|x64
		{31A4624D-238E-31C1-93DD-6B94F6650CEB}.Debug|x64.ActiveCfg = Debug|x64
		{31A4624D-238E-31C1-93DD-6B94F6650CEB}.Release|x64.ActiveCfg = Release|x64
		{31A4624D-238E-31C1-93DD-6B94F6650CEB}.MinSizeRel|x64.ActiveCfg = MinSizeRel|x64
		{31A4624D-238E-31C1-93DD-6B94F6650CEB}.RelWithDebInfo|x64.ActiveCfg = RelWithDebInfo|x64
		{8DD24700-C22A-3E63-BC44-807F2BA27D35}.Debug|x64.ActiveCfg = Debug|x64
		{8DD24700-C22A-3E63-BC44-807F2BA27D35}.Release|x64.ActiveCfg = Release|x64
		{8DD24700-C22A-3E63-BC44-807F2BA27D35}.MinSizeRel|x64.ActiveCfg = MinSizeRel|x64
		{8DD24700-C22A-3E63-BC44-807F2BA27D35}.RelWithDebInfo|x64.ActiveCfg = RelWithDebInfo|x64
		{1744B8A7-7085-3087-9067-2EA91F4AA2F9}.Debug|x64.ActiveCfg = Debug|x64
		{1744B8A7-7085-3087-9067-2EA91F4AA2F9}.Release|x64.ActiveCfg = Release|x64
		{1744B8A7-7085-3087-9067-2EA91F4AA2F9}.MinSizeRel|x64.ActiveCfg = MinSizeRel|x64
		{1744B8A7-7085-3087-9067-2EA91F4AA2F9}.RelWithDebInfo|x64.ActiveCfg = RelWithDebInfo|x64
		{E18681B4-0123-3F9C-BB31-49884D8D1BD5}.Debug|x64.ActiveCfg = Debug|x64
		{E18681B4-0123-3F9C-BB31-49884D8D1BD5}.Debug|x64.Build.0 = Debug|x64
		{E18681B4-0123-3F9C-BB31-49884D8D1BD5}.Release|x64.ActiveCfg = Release|x64
		{E18681B4-0123-3F9C-BB31-49884D8D1BD5}.Release|x64.Build.0 = Release|x64
		{E18681B4-0123-3F9C-BB31-49884D8D1BD5}.MinSizeRel|x64.ActiveCfg = MinSizeRel|x64
		{E18681B4-0123-3F9C-BB31-49884D8D1BD5}.MinSizeRel|x64.Build.0 = MinSizeRel|x64
		{E18681B4-0123-3F9C-BB31-49884D8D1BD5}.RelWithDebInfo|x64.ActiveCfg = RelWithDebInfo|x64
		{E18681B4-0123-3F9C-BB31-49884D8D1BD5}.RelWithDebInfo|x64.Build.0 = RelWithDebInfo|x64
		{5B8E6442-A212-349B-9E83-73FC542106D1}.Debug|x64.ActiveCfg = Debug|x64
		{5B8E6442-A212-349B-9E83-73FC542106D1}.Debug|x64.Build.0 = Debug|x64
		{5B8E6442-A212-349B-9E83-73FC542106D1}.Release|x64.ActiveCfg = Release|x64
		{5B8E6442-A212-349B-9E83-73FC542106D1}.Release|x64.Build.0 = Release|x64
		{5B8E6442-A212-349B-9E83-73FC542106D1}.MinSizeRel|x64.ActiveCfg = MinSizeRel|x64
		{5B8E6442-A212-349B-9E83-73FC542106D1}.MinSizeRel|x64.Build.0 = MinSizeRel|x64
		{5B8E6442-A212-349B-9E83-73FC542106D1}.RelWithDebInfo|x64.ActiveCfg = RelWithDebInfo|x64
		{5B8E6442-A212-349B-9E83-73FC542106D1}.RelWithDebInfo|x64.Build.0 = RelWithDebInfo|x64
	EndGlobalSection
	GlobalSection(ExtensibilityGlobals) = postSolution
		SolutionGuid = {499C7055-1EB9-314B-9E02-910265042B19}
	EndGlobalSection
	GlobalSection(ExtensibilityAddIns) = postSolution
	EndGlobalSection
EndGlobal
