<?xml version="1.0" encoding="utf-8"?>
<Project ToolsVersion="17.0" xmlns="http://schemas.microsoft.com/developer/msbuild/2003">
  <ItemGroup>
    <ClCompile Include="C:\Users\lwnkuh2\Desktop\Trials\CMake-Trial\MathFunctions\MathFunctions.cxx">
      <Filter>Source Files</Filter>
    </ClCompile>
  </ItemGroup>
  <ItemGroup>
    <CustomBuild Include="C:\Users\lwnkuh2\Desktop\Trials\CMake-Trial\MathFunctions\CMakeLists.txt" />
  </ItemGroup>
  <ItemGroup>
    <Filter Include="Source Files">
      <UniqueIdentifier>{24102C0C-A256-37B3-8442-F73FD3F5CBB7}</UniqueIdentifier>
    </Filter>
  </ItemGroup>
</Project>
