<?xml version="1.0" encoding="utf-8"?>
<Project ToolsVersion="17.0" xmlns="http://schemas.microsoft.com/developer/msbuild/2003">
  <ItemGroup>
    <CustomBuild Include="C:\Users\lwnkuh2\Desktop\Trials\CMake-Trial\CMakeFiles\411aac126eea053f6520eb33a3c6c06d\RUN_TESTS_force.rule">
      <Filter>CMake Rules</Filter>
    </CustomBuild>
  </ItemGroup>
  <ItemGroup>
    <Filter Include="CMake Rules">
      <UniqueIdentifier>{90F22A14-9048-3A27-BB3C-000B23DEABCF}</UniqueIdentifier>
    </Filter>
  </ItemGroup>
</Project>
